
Microsoft Visual Studio Solution File, Format Version 12.00
# Visual Studio Version 17
VisualStudioVersion = 17.11.35327.3
MinimumVisualStudioVersion = 10.0.40219.1
Project("{8BC9CEB8-8B4A-11D0-8D11-00A0C91BC942}") = "11.18", "11.18.vcxproj", "{BBCF75FA-EADC-498A-92C7-0908828D1BDC}"
EndProject
Global
	GlobalSection(SolutionConfigurationPlatforms) = preSolution
		Debug|x64 = Debug|x64
		Debug|x86 = Debug|x86
		Release|x64 = Release|x64
		Release|x86 = Release|x86
	EndGlobalSection
	GlobalSection(ProjectConfigurationPlatforms) = postSolution
		{BBCF75FA-EADC-498A-92C7-0908828D1BDC}.Debug|x64.ActiveCfg = Debug|x64
		{BBCF75FA-EADC-498A-92C7-0908828D1BDC}.Debug|x64.Build.0 = Debug|x64
		{BBCF75FA-EADC-498A-92C7-0908828D1BDC}.Debug|x86.ActiveCfg = Debug|Win32
		{BBCF75FA-EADC-498A-92C7-0908828D1BDC}.Debug|x86.Build.0 = Debug|Win32
		{BBCF75FA-EADC-498A-92C7-0908828D1BDC}.Release|x64.ActiveCfg = Release|x64
		{BBCF75FA-EADC-498A-92C7-0908828D1BDC}.Release|x64.Build.0 = Release|x64
		{BBCF75FA-EADC-498A-92C7-0908828D1BDC}.Release|x86.ActiveCfg = Release|Win32
		{BBCF75FA-EADC-498A-92C7-0908828D1BDC}.Release|x86.Build.0 = Release|Win32
	EndGlobalSection
	GlobalSection(SolutionProperties) = preSolution
		HideSolutionNode = FALSE
	EndGlobalSection
	GlobalSection(ExtensibilityGlobals) = postSolution
		SolutionGuid = {1F38F2FE-A22D-42A0-BBDA-91C7361F42F3}
	EndGlobalSection
EndGlobal
